
Microsoft Visual Studio Solution File, Format Version 12.00
Project("{FAE04EC0-301F-11D3-BF4B-00C04F79EFBC}") = "TomTelegramBot", "TomTelegramBot.csproj", "{75027DA3-B05E-41B9-BDBD-95981989DF83}"
EndProject
Global
	GlobalSection(SolutionConfigurationPlatforms) = preSolution
		Debug|Any CPU = Debug|Any CPU
		Release|Any CPU = Release|Any CPU
	EndGlobalSection
	GlobalSection(ProjectConfigurationPlatforms) = postSolution
		{75027DA3-B05E-41B9-BDBD-95981989DF83}.Debug|Any CPU.ActiveCfg = Debug|Any CPU
		{75027DA3-B05E-41B9-BDBD-95981989DF83}.Debug|Any CPU.Build.0 = Debug|Any CPU
		{75027DA3-B05E-41B9-BDBD-95981989DF83}.Release|Any CPU.ActiveCfg = Release|Any CPU
		{75027DA3-B05E-41B9-BDBD-95981989DF83}.Release|Any CPU.Build.0 = Release|Any CPU
	EndGlobalSection
EndGlobal
